// !$*UTF8*$!
{
	archiveVersion = 1;
	classes = {
	};
	objectVersion = 77;
	objects = {

/* Begin PBXBuildFile section */
		9BF6E3762D3C4799003561B1 /* QuickLook.framework in Frameworks */ = {isa = PBXBuildFile; fileRef = 9BF6E3752D3C4799003561B1 /* QuickLook.framework */; };
/* End PBXBuildFile section */

/* Begin PBXContainerItemProxy section */
		A52639F42CF8323D00908ECA /* PBXContainerItemProxy */ = {
			isa = PBXContainerItemProxy;
			containerPortal = A52639DB2CF8323C00908ECA /* Project object */;
			proxyType = 1;
			remoteGlobalIDString = A52639E22CF8323C00908ECA;
			remoteInfo = InventoryManager_app;
		};
		A52639FE2CF8323D00908ECA /* PBXContainerItemProxy */ = {
			isa = PBXContainerItemProxy;
			containerPortal = A52639DB2CF8323C00908ECA /* Project object */;
			proxyType = 1;
			remoteGlobalIDString = A52639E22CF8323C00908ECA;
			remoteInfo = InventoryManager_app;
		};
/* End PBXContainerItemProxy section */

/* Begin PBXFileReference section */
		9BF6E3752D3C4799003561B1 /* QuickLook.framework */ = {isa = PBXFileReference; lastKnownFileType = wrapper.framework; name = QuickLook.framework; path = System/Library/Frameworks/QuickLook.framework; sourceTree = SDKROOT; };
		A52639E32CF8323C00908ECA /* InventoryManager_app.app */ = {isa = PBXFileReference; explicitFileType = wrapper.application; includeInIndex = 0; path = InventoryManager_app.app; sourceTree = BUILT_PRODUCTS_DIR; };
		A52639F32CF8323D00908ECA /* InventoryManager_appTests.xctest */ = {isa = PBXFileReference; explicitFileType = wrapper.cfbundle; includeInIndex = 0; path = InventoryManager_appTests.xctest; sourceTree = BUILT_PRODUCTS_DIR; };
		A52639FD2CF8323D00908ECA /* InventoryManager_appUITests.xctest */ = {isa = PBXFileReference; explicitFileType = wrapper.cfbundle; includeInIndex = 0; path = InventoryManager_appUITests.xctest; sourceTree = BUILT_PRODUCTS_DIR; };
/* End PBXFileReference section */

/* Begin PBXFileSystemSynchronizedBuildFileExceptionSet section */
		9B4C4FDC2D15203F005D5340 /* Exceptions for "InventoryManager_app" folder in "InventoryManager_app" target */ = {
			isa = PBXFileSystemSynchronizedBuildFileExceptionSet;
			membershipExceptions = (
				env/Debug.xcconfig,
				env/Release.xcconfig,
			);
			target = A52639E22CF8323C00908ECA /* InventoryManager_app */;
		};
/* End PBXFileSystemSynchronizedBuildFileExceptionSet section */

/* Begin PBXFileSystemSynchronizedRootGroup section */
		A52639E52CF8323C00908ECA /* InventoryManager_app */ = {
			isa = PBXFileSystemSynchronizedRootGroup;
			exceptions = (
				9B4C4FDC2D15203F005D5340 /* Exceptions for "InventoryManager_app" folder in "InventoryManager_app" target */,
			);
			path = InventoryManager_app;
			sourceTree = "<group>";
		};
		A52639F62CF8323D00908ECA /* InventoryManager_appTests */ = {
			isa = PBXFileSystemSynchronizedRootGroup;
			path = InventoryManager_appTests;
			sourceTree = "<group>";
		};
		A5263A002CF8323D00908ECA /* InventoryManager_appUITests */ = {
			isa = PBXFileSystemSynchronizedRootGroup;
			path = InventoryManager_appUITests;
			sourceTree = "<group>";
		};
/* End PBXFileSystemSynchronizedRootGroup section */

/* Begin PBXFrameworksBuildPhase section */
		A52639E02CF8323C00908ECA /* Frameworks */ = {
			isa = PBXFrameworksBuildPhase;
			buildActionMask = 2147483647;
			files = (
				9BF6E3762D3C4799003561B1 /* QuickLook.framework in Frameworks */,
			);
			runOnlyForDeploymentPostprocessing = 0;
		};
		A52639F02CF8323D00908ECA /* Frameworks */ = {
			isa = PBXFrameworksBuildPhase;
			buildActionMask = 2147483647;
			files = (
			);
			runOnlyForDeploymentPostprocessing = 0;
		};
		A52639FA2CF8323D00908ECA /* Frameworks */ = {
			isa = PBXFrameworksBuildPhase;
			buildActionMask = 2147483647;
			files = (
			);
			runOnlyForDeploymentPostprocessing = 0;
		};
/* End PBXFrameworksBuildPhase section */

/* Begin PBXGroup section */
		9BF6E3742D3C4798003561B1 /* Frameworks */ = {
			isa = PBXGroup;
			children = (
				9BF6E3752D3C4799003561B1 /* QuickLook.framework */,
			);
			name = Frameworks;
			sourceTree = "<group>";
		};
		A52639DA2CF8323C00908ECA = {
			isa = PBXGroup;
			children = (
				A52639E52CF8323C00908ECA /* InventoryManager_app */,
				A52639F62CF8323D00908ECA /* InventoryManager_appTests */,
				A5263A002CF8323D00908ECA /* InventoryManager_appUITests */,
				9BF6E3742D3C4798003561B1 /* Frameworks */,
				A52639E42CF8323C00908ECA /* Products */,
			);
			sourceTree = "<group>";
		};
		A52639E42CF8323C00908ECA /* Products */ = {
			isa = PBXGroup;
			children = (
				A52639E32CF8323C00908ECA /* InventoryManager_app.app */,
				A52639F32CF8323D00908ECA /* InventoryManager_appTests.xctest */,
				A52639FD2CF8323D00908ECA /* InventoryManager_appUITests.xctest */,
			);
			name = Products;
			sourceTree = "<group>";
		};
/* End PBXGroup section */

/* Begin PBXNativeTarget section */
		A52639E22CF8323C00908ECA /* InventoryManager_app */ = {
			isa = PBXNativeTarget;
			buildConfigurationList = A5263A072CF8323D00908ECA /* Build configuration list for PBXNativeTarget "InventoryManager_app" */;
			buildPhases = (
				A52639DF2CF8323C00908ECA /* Sources */,
				A52639E02CF8323C00908ECA /* Frameworks */,
				A52639E12CF8323C00908ECA /* Resources */,
			);
			buildRules = (
			);
			dependencies = (
			);
			fileSystemSynchronizedGroups = (
				A52639E52CF8323C00908ECA /* InventoryManager_app */,
			);
			name = InventoryManager_app;
			packageProductDependencies = (
			);
			productName = InventoryManager_app;
			productReference = A52639E32CF8323C00908ECA /* InventoryManager_app.app */;
			productType = "com.apple.product-type.application";
		};
		A52639F22CF8323D00908ECA /* InventoryManager_appTests */ = {
			isa = PBXNativeTarget;
			buildConfigurationList = A5263A0A2CF8323D00908ECA /* Build configuration list for PBXNativeTarget "InventoryManager_appTests" */;
			buildPhases = (
				A52639EF2CF8323D00908ECA /* Sources */,
				A52639F02CF8323D00908ECA /* Frameworks */,
				A52639F12CF8323D00908ECA /* Resources */,
			);
			buildRules = (
			);
			dependencies = (
				A52639F52CF8323D00908ECA /* PBXTargetDependency */,
			);
			fileSystemSynchronizedGroups = (
				A52639F62CF8323D00908ECA /* InventoryManager_appTests */,
			);
			name = InventoryManager_appTests;
			packageProductDependencies = (
			);
			productName = InventoryManager_appTests;
			productReference = A52639F32CF8323D00908ECA /* InventoryManager_appTests.xctest */;
			productType = "com.apple.product-type.bundle.unit-test";
		};
		A52639FC2CF8323D00908ECA /* InventoryManager_appUITests */ = {
			isa = PBXNativeTarget;
			buildConfigurationList = A5263A0D2CF8323D00908ECA /* Build configuration list for PBXNativeTarget "InventoryManager_appUITests" */;
			buildPhases = (
				A52639F92CF8323D00908ECA /* Sources */,
				A52639FA2CF8323D00908ECA /* Frameworks */,
				A52639FB2CF8323D00908ECA /* Resources */,
			);
			buildRules = (
			);
			dependencies = (
				A52639FF2CF8323D00908ECA /* PBXTargetDependency */,
			);
			fileSystemSynchronizedGroups = (
				A5263A002CF8323D00908ECA /* InventoryManager_appUITests */,
			);
			name = InventoryManager_appUITests;
			packageProductDependencies = (
			);
			productName = InventoryManager_appUITests;
			productReference = A52639FD2CF8323D00908ECA /* InventoryManager_appUITests.xctest */;
			productType = "com.apple.product-type.bundle.ui-testing";
		};
/* End PBXNativeTarget section */

/* Begin PBXProject section */
		A52639DB2CF8323C00908ECA /* Project object */ = {
			isa = PBXProject;
			attributes = {
				BuildIndependentTargetsInParallel = 1;
				LastSwiftUpdateCheck = 1610;
				LastUpgradeCheck = 1620;
				TargetAttributes = {
					A52639E22CF8323C00908ECA = {
						CreatedOnToolsVersion = 16.1;
					};
					A52639F22CF8323D00908ECA = {
						CreatedOnToolsVersion = 16.1;
						TestTargetID = A52639E22CF8323C00908ECA;
					};
					A52639FC2CF8323D00908ECA = {
						CreatedOnToolsVersion = 16.1;
						TestTargetID = A52639E22CF8323C00908ECA;
					};
				};
			};
			buildConfigurationList = A52639DE2CF8323C00908ECA /* Build configuration list for PBXProject "InventoryManager_app" */;
			developmentRegion = ja;
			hasScannedForEncodings = 0;
			knownRegions = (
				en,
				Base,
				ja,
			);
			mainGroup = A52639DA2CF8323C00908ECA;
			minimizedProjectReferenceProxies = 1;
			packageReferences = (
				A5263A152CF8478100908ECA /* XCRemoteSwiftPackageReference "Alamofire" */,
			);
			preferredProjectObjectVersion = 77;
			productRefGroup = A52639E42CF8323C00908ECA /* Products */;
			projectDirPath = "";
			projectRoot = "";
			targets = (
				A52639E22CF8323C00908ECA /* InventoryManager_app */,
				A52639F22CF8323D00908ECA /* InventoryManager_appTests */,
				A52639FC2CF8323D00908ECA /* InventoryManager_appUITests */,
			);
		};
/* End PBXProject section */

/* Begin PBXResourcesBuildPhase section */
		A52639E12CF8323C00908ECA /* Resources */ = {
			isa = PBXResourcesBuildPhase;
			buildActionMask = 2147483647;
			files = (
			);
			runOnlyForDeploymentPostprocessing = 0;
		};
		A52639F12CF8323D00908ECA /* Resources */ = {
			isa = PBXResourcesBuildPhase;
			buildActionMask = 2147483647;
			files = (
			);
			runOnlyForDeploymentPostprocessing = 0;
		};
		A52639FB2CF8323D00908ECA /* Resources */ = {
			isa = PBXResourcesBuildPhase;
			buildActionMask = 2147483647;
			files = (
			);
			runOnlyForDeploymentPostprocessing = 0;
		};
/* End PBXResourcesBuildPhase section */

/* Begin PBXSourcesBuildPhase section */
		A52639DF2CF8323C00908ECA /* Sources */ = {
			isa = PBXSourcesBuildPhase;
			buildActionMask = 2147483647;
			files = (
			);
			runOnlyForDeploymentPostprocessing = 0;
		};
		A52639EF2CF8323D00908ECA /* Sources */ = {
			isa = PBXSourcesBuildPhase;
			buildActionMask = 2147483647;
			files = (
			);
			runOnlyForDeploymentPostprocessing = 0;
		};
		A52639F92CF8323D00908ECA /* Sources */ = {
			isa = PBXSourcesBuildPhase;
			buildActionMask = 2147483647;
			files = (
			);
			runOnlyForDeploymentPostprocessing = 0;
		};
/* End PBXSourcesBuildPhase section */

/* Begin PBXTargetDependency section */
		A52639F52CF8323D00908ECA /* PBXTargetDependency */ = {
			isa = PBXTargetDependency;
			target = A52639E22CF8323C00908ECA /* InventoryManager_app */;
			targetProxy = A52639F42CF8323D00908ECA /* PBXContainerItemProxy */;
		};
		A52639FF2CF8323D00908ECA /* PBXTargetDependency */ = {
			isa = PBXTargetDependency;
			target = A52639E22CF8323C00908ECA /* InventoryManager_app */;
			targetProxy = A52639FE2CF8323D00908ECA /* PBXContainerItemProxy */;
		};
/* End PBXTargetDependency section */

/* Begin XCBuildConfiguration section */
		A5263A052CF8323D00908ECA /* Debug */ = {
			isa = XCBuildConfiguration;
			buildSettings = {
				ALWAYS_SEARCH_USER_PATHS = NO;
				ASSETCATALOG_COMPILER_GENERATE_SWIFT_ASSET_SYMBOL_EXTENSIONS = YES;
				CLANG_ANALYZER_LOCALIZABILITY_NONLOCALIZED = YES;
				CLANG_ANALYZER_NONNULL = YES;
				CLANG_ANALYZER_NUMBER_OBJECT_CONVERSION = YES_AGGRESSIVE;
				CLANG_CXX_LANGUAGE_STANDARD = "gnu++20";
				CLANG_ENABLE_MODULES = YES;
				CLANG_ENABLE_OBJC_ARC = YES;
				CLANG_ENABLE_OBJC_WEAK = YES;
				CLANG_WARN_BLOCK_CAPTURE_AUTORELEASING = YES;
				CLANG_WARN_BOOL_CONVERSION = YES;
				CLANG_WARN_COMMA = YES;
				CLANG_WARN_CONSTANT_CONVERSION = YES;
				CLANG_WARN_DEPRECATED_OBJC_IMPLEMENTATIONS = YES;
				CLANG_WARN_DIRECT_OBJC_ISA_USAGE = YES_ERROR;
				CLANG_WARN_DOCUMENTATION_COMMENTS = YES;
				CLANG_WARN_EMPTY_BODY = YES;
				CLANG_WARN_ENUM_CONVERSION = YES;
				CLANG_WARN_INFINITE_RECURSION = YES;
				CLANG_WARN_INT_CONVERSION = YES;
				CLANG_WARN_NON_LITERAL_NULL_CONVERSION = YES;
				CLANG_WARN_OBJC_IMPLICIT_RETAIN_SELF = YES;
				CLANG_WARN_OBJC_LITERAL_CONVERSION = YES;
				CLANG_WARN_OBJC_ROOT_CLASS = YES_ERROR;
				CLANG_WARN_QUOTED_INCLUDE_IN_FRAMEWORK_HEADER = YES;
				CLANG_WARN_RANGE_LOOP_ANALYSIS = YES;
				CLANG_WARN_STRICT_PROTOTYPES = YES;
				CLANG_WARN_SUSPICIOUS_MOVE = YES;
				CLANG_WARN_UNGUARDED_AVAILABILITY = YES_AGGRESSIVE;
				CLANG_WARN_UNREACHABLE_CODE = YES;
				CLANG_WARN__DUPLICATE_METHOD_MATCH = YES;
				COPY_PHASE_STRIP = NO;
				DEBUG_INFORMATION_FORMAT = dwarf;
				ENABLE_STRICT_OBJC_MSGSEND = YES;
				ENABLE_TESTABILITY = YES;
				ENABLE_USER_SCRIPT_SANDBOXING = YES;
				GCC_C_LANGUAGE_STANDARD = gnu17;
				GCC_DYNAMIC_NO_PIC = NO;
				GCC_NO_COMMON_BLOCKS = YES;
				GCC_OPTIMIZATION_LEVEL = 0;
				GCC_PREPROCESSOR_DEFINITIONS = (
					"DEBUG=1",
					"$(inherited)",
				);
				GCC_WARN_64_TO_32_BIT_CONVERSION = YES;
				GCC_WARN_ABOUT_RETURN_TYPE = YES_ERROR;
				GCC_WARN_UNDECLARED_SELECTOR = YES;
				GCC_WARN_UNINITIALIZED_AUTOS = YES_AGGRESSIVE;
				GCC_WARN_UNUSED_FUNCTION = YES;
				GCC_WARN_UNUSED_VARIABLE = YES;
				IPHONEOS_DEPLOYMENT_TARGET = 18.1;
				LOCALIZATION_PREFERS_STRING_CATALOGS = YES;
				MTL_ENABLE_DEBUG_INFO = INCLUDE_SOURCE;
				MTL_FAST_MATH = YES;
				ONLY_ACTIVE_ARCH = YES;
				SDKROOT = iphoneos;
				SWIFT_ACTIVE_COMPILATION_CONDITIONS = "DEBUG $(inherited)";
				SWIFT_OPTIMIZATION_LEVEL = "-Onone";
			};
			name = Debug;
		};
		A5263A062CF8323D00908ECA /* Release */ = {
			isa = XCBuildConfiguration;
			buildSettings = {
				ALWAYS_SEARCH_USER_PATHS = NO;
				ASSETCATALOG_COMPILER_GENERATE_SWIFT_ASSET_SYMBOL_EXTENSIONS = YES;
				CLANG_ANALYZER_LOCALIZABILITY_NONLOCALIZED = YES;
				CLANG_ANALYZER_NONNULL = YES;
				CLANG_ANALYZER_NUMBER_OBJECT_CONVERSION = YES_AGGRESSIVE;
				CLANG_CXX_LANGUAGE_STANDARD = "gnu++20";
				CLANG_ENABLE_MODULES = YES;
				CLANG_ENABLE_OBJC_ARC = YES;
				CLANG_ENABLE_OBJC_WEAK = YES;
				CLANG_WARN_BLOCK_CAPTURE_AUTORELEASING = YES;
				CLANG_WARN_BOOL_CONVERSION = YES;
				CLANG_WARN_COMMA = YES;
				CLANG_WARN_CONSTANT_CONVERSION = YES;
				CLANG_WARN_DEPRECATED_OBJC_IMPLEMENTATIONS = YES;
				CLANG_WARN_DIRECT_OBJC_ISA_USAGE = YES_ERROR;
				CLANG_WARN_DOCUMENTATION_COMMENTS = YES;
				CLANG_WARN_EMPTY_BODY = YES;
				CLANG_WARN_ENUM_CONVERSION = YES;
				CLANG_WARN_INFINITE_RECURSION = YES;
				CLANG_WARN_INT_CONVERSION = YES;
				CLANG_WARN_NON_LITERAL_NULL_CONVERSION = YES;
				CLANG_WARN_OBJC_IMPLICIT_RETAIN_SELF = YES;
				CLANG_WARN_OBJC_LITERAL_CONVERSION = YES;
				CLANG_WARN_OBJC_ROOT_CLASS = YES_ERROR;
				CLANG_WARN_QUOTED_INCLUDE_IN_FRAMEWORK_HEADER = YES;
				CLANG_WARN_RANGE_LOOP_ANALYSIS = YES;
				CLANG_WARN_STRICT_PROTOTYPES = YES;
				CLANG_WARN_SUSPICIOUS_MOVE = YES;
				CLANG_WARN_UNGUARDED_AVAILABILITY = YES_AGGRESSIVE;
				CLANG_WARN_UNREACHABLE_CODE = YES;
				CLANG_WARN__DUPLICATE_METHOD_MATCH = YES;
				COPY_PHASE_STRIP = NO;
				DEBUG_INFORMATION_FORMAT = "dwarf-with-dsym";
				ENABLE_NS_ASSERTIONS = NO;
				ENABLE_STRICT_OBJC_MSGSEND = YES;
				ENABLE_USER_SCRIPT_SANDBOXING = YES;
				GCC_C_LANGUAGE_STANDARD = gnu17;
				GCC_NO_COMMON_BLOCKS = YES;
				GCC_WARN_64_TO_32_BIT_CONVERSION = YES;
				GCC_WARN_ABOUT_RETURN_TYPE = YES_ERROR;
				GCC_WARN_UNDECLARED_SELECTOR = YES;
				GCC_WARN_UNINITIALIZED_AUTOS = YES_AGGRESSIVE;
				GCC_WARN_UNUSED_FUNCTION = YES;
				GCC_WARN_UNUSED_VARIABLE = YES;
				IPHONEOS_DEPLOYMENT_TARGET = 18.1;
				LOCALIZATION_PREFERS_STRING_CATALOGS = YES;
				MTL_ENABLE_DEBUG_INFO = NO;
				MTL_FAST_MATH = YES;
				SDKROOT = iphoneos;
				SWIFT_COMPILATION_MODE = wholemodule;
				VALIDATE_PRODUCT = YES;
			};
			name = Release;
		};
		A5263A082CF8323D00908ECA /* Debug */ = {
			isa = XCBuildConfiguration;
			baseConfigurationReferenceAnchor = A52639E52CF8323C00908ECA /* InventoryManager_app */;
			baseConfigurationReferenceRelativePath = env/Debug.xcconfig;
			buildSettings = {
				ASSETCATALOG_COMPILER_APPICON_NAME = AppIcon;
				ASSETCATALOG_COMPILER_GLOBAL_ACCENT_COLOR_NAME = AccentColor;
				CODE_SIGN_STYLE = Automatic;
				CURRENT_PROJECT_VERSION = 1;
				DEVELOPMENT_ASSET_PATHS = "\"InventoryManager_app/Preview Content\"";
				DEVELOPMENT_TEAM = 3K949N3W85;
				ENABLE_PREVIEWS = YES;
				GENERATE_INFOPLIST_FILE = YES;
				INFOPLIST_FILE = "InventoryManager-app-Info.plist";
				INFOPLIST_KEY_CFBundleDisplayName = "在庫管理システム";
				INFOPLIST_KEY_UIApplicationSceneManifest_Generation = YES;
				INFOPLIST_KEY_UIApplicationSupportsIndirectInputEvents = YES;
				INFOPLIST_KEY_UILaunchScreen_Generation = YES;
				INFOPLIST_KEY_UISupportedInterfaceOrientations_iPad = "UIInterfaceOrientationPortrait UIInterfaceOrientationPortraitUpsideDown UIInterfaceOrientationLandscapeLeft UIInterfaceOrientationLandscapeRight";
				INFOPLIST_KEY_UISupportedInterfaceOrientations_iPhone = "UIInterfaceOrientationPortrait UIInterfaceOrientationLandscapeLeft UIInterfaceOrientationLandscapeRight";
				LD_RUNPATH_SEARCH_PATHS = (
					"$(inherited)",
					"@executable_path/Frameworks",
				);
				MARKETING_VERSION = 1.0;
				PRODUCT_BUNDLE_IDENTIFIER = "Shunya-Furuta.InventoryManager-app";
				PRODUCT_NAME = "$(TARGET_NAME)";
				SWIFT_EMIT_LOC_STRINGS = YES;
				SWIFT_VERSION = 5.0;
				TARGETED_DEVICE_FAMILY = "1,2";
			};
			name = Debug;
		};
		A5263A092CF8323D00908ECA /* Release */ = {
			isa = XCBuildConfiguration;
			baseConfigurationReferenceAnchor = A52639E52CF8323C00908ECA /* InventoryManager_app */;
			baseConfigurationReferenceRelativePath = env/Release.xcconfig;
			buildSettings = {
				ASSETCATALOG_COMPILER_APPICON_NAME = AppIcon;
				ASSETCATALOG_COMPILER_GLOBAL_ACCENT_COLOR_NAME = AccentColor;
				CODE_SIGN_STYLE = Automatic;
				CURRENT_PROJECT_VERSION = 1;
				DEVELOPMENT_ASSET_PATHS = "\"InventoryManager_app/Preview Content\"";
				DEVELOPMENT_TEAM = 3K949N3W85;
				ENABLE_PREVIEWS = YES;
				GENERATE_INFOPLIST_FILE = YES;
				INFOPLIST_FILE = "InventoryManager-app-Info.plist";
				INFOPLIST_KEY_CFBundleDisplayName = "在庫管理システム";
				INFOPLIST_KEY_UIApplicationSceneManifest_Generation = YES;
				INFOPLIST_KEY_UIApplicationSupportsIndirectInputEvents = YES;
				INFOPLIST_KEY_UILaunchScreen_Generation = YES;
				INFOPLIST_KEY_UISupportedInterfaceOrientations_iPad = "UIInterfaceOrientationPortrait UIInterfaceOrientationPortraitUpsideDown UIInterfaceOrientationLandscapeLeft UIInterfaceOrientationLandscapeRight";
				INFOPLIST_KEY_UISupportedInterfaceOrientations_iPhone = "UIInterfaceOrientationPortrait UIInterfaceOrientationLandscapeLeft UIInterfaceOrientationLandscapeRight";
				LD_RUNPATH_SEARCH_PATHS = (
					"$(inherited)",
					"@executable_path/Frameworks",
				);
				MARKETING_VERSION = 1.0;
				PRODUCT_BUNDLE_IDENTIFIER = "Shunya-Furuta.InventoryManager-app";
				PRODUCT_NAME = "$(TARGET_NAME)";
				SWIFT_EMIT_LOC_STRINGS = YES;
				SWIFT_VERSION = 5.0;
				TARGETED_DEVICE_FAMILY = "1,2";
			};
			name = Release;
		};
		A5263A0B2CF8323D00908ECA /* Debug */ = {
			isa = XCBuildConfiguration;
			buildSettings = {
				BUNDLE_LOADER = "$(TEST_HOST)";
				CODE_SIGN_STYLE = Automatic;
				CURRENT_PROJECT_VERSION = 1;
				GENERATE_INFOPLIST_FILE = YES;
				IPHONEOS_DEPLOYMENT_TARGET = 18.1;
				MARKETING_VERSION = 1.0;
				PRODUCT_BUNDLE_IDENTIFIER = "Shunya-Furuta.InventoryManager-appTests";
				PRODUCT_NAME = "$(TARGET_NAME)";
				SWIFT_EMIT_LOC_STRINGS = NO;
				SWIFT_VERSION = 5.0;
				TARGETED_DEVICE_FAMILY = "1,2";
				TEST_HOST = "$(BUILT_PRODUCTS_DIR)/InventoryManager_app.app/$(BUNDLE_EXECUTABLE_FOLDER_PATH)/InventoryManager_app";
			};
			name = Debug;
		};
		A5263A0C2CF8323D00908ECA /* Release */ = {
			isa = XCBuildConfiguration;
			buildSettings = {
				BUNDLE_LOADER = "$(TEST_HOST)";
				CODE_SIGN_STYLE = Automatic;
				CURRENT_PROJECT_VERSION = 1;
				GENERATE_INFOPLIST_FILE = YES;
				IPHONEOS_DEPLOYMENT_TARGET = 18.1;
				MARKETING_VERSION = 1.0;
				PRODUCT_BUNDLE_IDENTIFIER = "Shunya-Furuta.InventoryManager-appTests";
				PRODUCT_NAME = "$(TARGET_NAME)";
				SWIFT_EMIT_LOC_STRINGS = NO;
				SWIFT_VERSION = 5.0;
				TARGETED_DEVICE_FAMILY = "1,2";
				TEST_HOST = "$(BUILT_PRODUCTS_DIR)/InventoryManager_app.app/$(BUNDLE_EXECUTABLE_FOLDER_PATH)/InventoryManager_app";
			};
			name = Release;
		};
		A5263A0E2CF8323D00908ECA /* Debug */ = {
			isa = XCBuildConfiguration;
			buildSettings = {
				CODE_SIGN_STYLE = Automatic;
				CURRENT_PROJECT_VERSION = 1;
				GENERATE_INFOPLIST_FILE = YES;
				MARKETING_VERSION = 1.0;
				PRODUCT_BUNDLE_IDENTIFIER = "Shunya-Furuta.InventoryManager-appUITests";
				PRODUCT_NAME = "$(TARGET_NAME)";
				SWIFT_EMIT_LOC_STRINGS = NO;
				SWIFT_VERSION = 5.0;
				TARGETED_DEVICE_FAMILY = "1,2";
				TEST_TARGET_NAME = InventoryManager_app;
			};
			name = Debug;
		};
		A5263A0F2CF8323D00908ECA /* Release */ = {
			isa = XCBuildConfiguration;
			buildSettings = {
				CODE_SIGN_STYLE = Automatic;
				CURRENT_PROJECT_VERSION = 1;
				GENERATE_INFOPLIST_FILE = YES;
				MARKETING_VERSION = 1.0;
				PRODUCT_BUNDLE_IDENTIFIER = "Shunya-Furuta.InventoryManager-appUITests";
				PRODUCT_NAME = "$(TARGET_NAME)";
				SWIFT_EMIT_LOC_STRINGS = NO;
				SWIFT_VERSION = 5.0;
				TARGETED_DEVICE_FAMILY = "1,2";
				TEST_TARGET_NAME = InventoryManager_app;
			};
			name = Release;
		};
/* End XCBuildConfiguration section */

/* Begin XCConfigurationList section */
		A52639DE2CF8323C00908ECA /* Build configuration list for PBXProject "InventoryManager_app" */ = {
			isa = XCConfigurationList;
			buildConfigurations = (
				A5263A052CF8323D00908ECA /* Debug */,
				A5263A062CF8323D00908ECA /* Release */,
			);
			defaultConfigurationIsVisible = 0;
			defaultConfigurationName = Debug;
		};
		A5263A072CF8323D00908ECA /* Build configuration list for PBXNativeTarget "InventoryManager_app" */ = {
			isa = XCConfigurationList;
			buildConfigurations = (
				A5263A082CF8323D00908ECA /* Debug */,
				A5263A092CF8323D00908ECA /* Release */,
			);
			defaultConfigurationIsVisible = 0;
			defaultConfigurationName = Debug;
		};
		A5263A0A2CF8323D00908ECA /* Build configuration list for PBXNativeTarget "InventoryManager_appTests" */ = {
			isa = XCConfigurationList;
			buildConfigurations = (
				A5263A0B2CF8323D00908ECA /* Debug */,
				A5263A0C2CF8323D00908ECA /* Release */,
			);
			defaultConfigurationIsVisible = 0;
			defaultConfigurationName = Debug;
		};
		A5263A0D2CF8323D00908ECA /* Build configuration list for PBXNativeTarget "InventoryManager_appUITests" */ = {
			isa = XCConfigurationList;
			buildConfigurations = (
				A5263A0E2CF8323D00908ECA /* Debug */,
				A5263A0F2CF8323D00908ECA /* Release */,
			);
			defaultConfigurationIsVisible = 0;
			defaultConfigurationName = Debug;
		};
/* End XCConfigurationList section */

/* Begin XCRemoteSwiftPackageReference section */
		A5263A152CF8478100908ECA /* XCRemoteSwiftPackageReference "Alamofire" */ = {
			isa = XCRemoteSwiftPackageReference;
			repositoryURL = "https://github.com/Alamofire/Alamofire";
			requirement = {
				kind = upToNextMajorVersion;
				minimumVersion = 5.10.2;
			};
		};
/* End XCRemoteSwiftPackageReference section */
	};
	rootObject = A52639DB2CF8323C00908ECA /* Project object */;
}
